
Microsoft Visual Studio Solution File, Format Version 12.00
# Visual Studio Version 17
VisualStudioVersion = 17.14.36414.22 d17.14
MinimumVisualStudioVersion = 10.0.40219.1
Project("{FAE04EC0-301F-11D3-BF4B-00C04F79EFBC}") = "Hbys.Api", "Hbys.Api\Hbys.Api.csproj", "{341933CE-F8D0-4E4E-BAE6-DF30130FDFFF}"
EndProject
Global
	GlobalSection(SolutionConfigurationPlatforms) = preSolution
		Debug|Any CPU = Debug|Any CPU
		Release|Any CPU = Release|Any CPU
	EndGlobalSection
	GlobalSection(ProjectConfigurationPlatforms) = postSolution
		{341933CE-F8D0-4E4E-BAE6-DF30130FDFFF}.Debug|Any CPU.ActiveCfg = Debug|Any CPU
		{341933CE-F8D0-4E4E-BAE6-DF30130FDFFF}.Debug|Any CPU.Build.0 = Debug|Any CPU
		{341933CE-F8D0-4E4E-BAE6-DF30130FDFFF}.Release|Any CPU.ActiveCfg = Release|Any CPU
		{341933CE-F8D0-4E4E-BAE6-DF30130FDFFF}.Release|Any CPU.Build.0 = Release|Any CPU
	EndGlobalSection
	GlobalSection(SolutionProperties) = preSolution
		HideSolutionNode = FALSE
	EndGlobalSection
	GlobalSection(ExtensibilityGlobals) = postSolution
		SolutionGuid = {C195A453-3DE7-4E80-9EBE-3BC97AABAD7D}
	EndGlobalSection
EndGlobal
